
Microsoft Visual Studio Solution File, Format Version 12.00
# Visual Studio Version 17
VisualStudioVersion = 17.8.34330.188
MinimumVisualStudioVersion = 10.0.40219.1
Project("{FAE04EC0-301F-11D3-BF4B-00C04F79EFBC}") = "Group 4 Intake-44", "Group 4 Intake-44.csproj", "{13BE1550-365C-425A-90F8-9F8A780E3843}"
EndProject
Global
	GlobalSection(SolutionConfigurationPlatforms) = preSolution
		Debug|Any CPU = Debug|Any CPU
		Release|Any CPU = Release|Any CPU
	EndGlobalSection
	GlobalSection(ProjectConfigurationPlatforms) = postSolution
		{13BE1550-365C-425A-90F8-9F8A780E3843}.Debug|Any CPU.ActiveCfg = Debug|Any CPU
		{13BE1550-365C-425A-90F8-9F8A780E3843}.Debug|Any CPU.Build.0 = Debug|Any CPU
		{13BE1550-365C-425A-90F8-9F8A780E3843}.Release|Any CPU.ActiveCfg = Release|Any CPU
		{13BE1550-365C-425A-90F8-9F8A780E3843}.Release|Any CPU.Build.0 = Release|Any CPU
	EndGlobalSection
	GlobalSection(SolutionProperties) = preSolution
		HideSolutionNode = FALSE
	EndGlobalSection
	GlobalSection(ExtensibilityGlobals) = postSolution
		SolutionGuid = {ACC89C08-2F42-4E0B-ADA1-F6EDC6D97CFE}
	EndGlobalSection
EndGlobal
